
Microsoft Visual Studio Solution File, Format Version 12.00
# Visual Studio Version 16
VisualStudioVersion = 16.6.30114.105
MinimumVisualStudioVersion = 10.0.40219.1
Project("{FAE04EC0-301F-11D3-BF4B-00C04F79EFBC}") = "WebApiSample", "WebApiSample\WebApiSample.csproj", "{BDDCE9F6-6030-4E68-AB51-466EDFED4691}"
EndProject
Project("{FAE04EC0-301F-11D3-BF4B-00C04F79EFBC}") = "WebApiSample.Tests", "..\tests\WebApiSample.Tests\WebApiSample.Tests.csproj", "{C7406401-55DA-4EF9-9544-22751D9DC08B}"
EndProject
Global
	GlobalSection(SolutionConfigurationPlatforms) = preSolution
		Debug|Any CPU = Debug|Any CPU
		Debug|x64 = Debug|x64
		Debug|x86 = Debug|x86
		Release|Any CPU = Release|Any CPU
		Release|x64 = Release|x64
		Release|x86 = Release|x86
	EndGlobalSection
	GlobalSection(ProjectConfigurationPlatforms) = postSolution
		{BDDCE9F6-6030-4E68-AB51-466EDFED4691}.Debug|Any CPU.ActiveCfg = Debug|Any CPU
		{BDDCE9F6-6030-4E68-AB51-466EDFED4691}.Debug|Any CPU.Build.0 = Debug|Any CPU
		{BDDCE9F6-6030-4E68-AB51-466EDFED4691}.Debug|x64.ActiveCfg = Debug|Any CPU
		{BDDCE9F6-6030-4E68-AB51-466EDFED4691}.Debug|x64.Build.0 = Debug|Any CPU
		{BDDCE9F6-6030-4E68-AB51-466EDFED4691}.Debug|x86.ActiveCfg = Debug|Any CPU
		{BDDCE9F6-6030-4E68-AB51-466EDFED4691}.Debug|x86.Build.0 = Debug|Any CPU
		{BDDCE9F6-6030-4E68-AB51-466EDFED4691}.Release|Any CPU.ActiveCfg = Release|Any CPU
		{BDDCE9F6-6030-4E68-AB51-466EDFED4691}.Release|Any CPU.Build.0 = Release|Any CPU
		{BDDCE9F6-6030-4E68-AB51-466EDFED4691}.Release|x64.ActiveCfg = Release|Any CPU
		{BDDCE9F6-6030-4E68-AB51-466EDFED4691}.Release|x64.Build.0 = Release|Any CPU
		{BDDCE9F6-6030-4E68-AB51-466EDFED4691}.Release|x86.ActiveCfg = Release|Any CPU
		{BDDCE9F6-6030-4E68-AB51-466EDFED4691}.Release|x86.Build.0 = Release|Any CPU
		{C7406401-55DA-4EF9-9544-22751D9DC08B}.Debug|Any CPU.ActiveCfg = Debug|Any CPU
		{C7406401-55DA-4EF9-9544-22751D9DC08B}.Debug|Any CPU.Build.0 = Debug|Any CPU
		{C7406401-55DA-4EF9-9544-22751D9DC08B}.Debug|x64.ActiveCfg = Debug|Any CPU
		{C7406401-55DA-4EF9-9544-22751D9DC08B}.Debug|x64.Build.0 = Debug|Any CPU
		{C7406401-55DA-4EF9-9544-22751D9DC08B}.Debug|x86.ActiveCfg = Debug|Any CPU
		{C7406401-55DA-4EF9-9544-22751D9DC08B}.Debug|x86.Build.0 = Debug|Any CPU
		{C7406401-55DA-4EF9-9544-22751D9DC08B}.Release|Any CPU.ActiveCfg = Release|Any CPU
		{C7406401-55DA-4EF9-9544-22751D9DC08B}.Release|Any CPU.Build.0 = Release|Any CPU
		{C7406401-55DA-4EF9-9544-22751D9DC08B}.Release|x64.ActiveCfg = Release|Any CPU
		{C7406401-55DA-4EF9-9544-22751D9DC08B}.Release|x64.Build.0 = Release|Any CPU
		{C7406401-55DA-4EF9-9544-22751D9DC08B}.Release|x86.ActiveCfg = Release|Any CPU
		{C7406401-55DA-4EF9-9544-22751D9DC08B}.Release|x86.Build.0 = Release|Any CPU
	EndGlobalSection
	GlobalSection(SolutionProperties) = preSolution
		HideSolutionNode = FALSE
	EndGlobalSection
	GlobalSection(ExtensibilityGlobals) = postSolution
		SolutionGuid = {D0E1F56D-EC87-43C0-94FA-5C30EB757A03}
	EndGlobalSection
EndGlobal
